
Microsoft Visual Studio Solution File, Format Version 12.00
# Visual Studio Version 17
VisualStudioVersion = 17.0.32112.339
MinimumVisualStudioVersion = 10.0.40219.1
Project("{FAE04EC0-301F-11D3-BF4B-00C04F79EFBC}") = "WpfApp3", "WpfApp3.csproj", "{2BCDAFBC-E1D2-40BA-A092-AA1112B175F2}"
EndProject
Global
	GlobalSection(SolutionConfigurationPlatforms) = preSolution
		Debug|Any CPU = Debug|Any CPU
		Release|Any CPU = Release|Any CPU
	EndGlobalSection
	GlobalSection(ProjectConfigurationPlatforms) = postSolution
		{2BCDAFBC-E1D2-40BA-A092-AA1112B175F2}.Debug|Any CPU.ActiveCfg = Debug|Any CPU
		{2BCDAFBC-E1D2-40BA-A092-AA1112B175F2}.Debug|Any CPU.Build.0 = Debug|Any CPU
		{2BCDAFBC-E1D2-40BA-A092-AA1112B175F2}.Release|Any CPU.ActiveCfg = Release|Any CPU
		{2BCDAFBC-E1D2-40BA-A092-AA1112B175F2}.Release|Any CPU.Build.0 = Release|Any CPU
	EndGlobalSection
	GlobalSection(SolutionProperties) = preSolution
		HideSolutionNode = FALSE
	EndGlobalSection
	GlobalSection(ExtensibilityGlobals) = postSolution
		SolutionGuid = {AC7B551F-BBF7-4961-B124-DA6F8B565086}
	EndGlobalSection
EndGlobal
